{
  "requires": true,
  "lockfileVersion": 1,
  "dependencies": {
    "@nylas/components-agenda": {
      "version": "1.0.2",
      "resolved": "https://registry.npmjs.org/@nylas/components-agenda/-/components-agenda-1.0.2.tgz",
      "integrity": "sha512-Q+4odhlutYJckRvR2AhFE65HKPo3DkG2gzOFIZeuUC+JiJk4lWZR1TLiPux6ee5D+7g1mnU7lwS/l+5aigNa3A=="
    }
  }
}
